
Microsoft Visual Studio Solution File, Format Version 12.00
# Visual Studio Version 17
VisualStudioVersion = 17.0.31903.59
MinimumVisualStudioVersion = 10.0.40219.1
Project("{2150E333-8FDC-42A3-9474-1A3956D46DE8}") = "src", "src", "{827E0CD3-B72D-47B6-A68D-7590B98EB39B}"
EndProject
Project("{FAE04EC0-301F-11D3-BF4B-00C04F79EFBC}") = "SaveVault.Core", "src\SaveVault.Core\SaveVault.Core.csproj", "{AD6A80E3-23BC-45F0-A881-B3DB75B46EF2}"
EndProject
Project("{FAE04EC0-301F-11D3-BF4B-00C04F79EFBC}") = "SaveVault.Server", "src\SaveVault.Server\SaveVault.Server.csproj", "{D9500036-D8A3-463B-A139-5325AC29C574}"
EndProject
Project("{FAE04EC0-301F-11D3-BF4B-00C04F79EFBC}") = "SaveVault.Client", "src\SaveVault.Client\SaveVault.Client.csproj", "{5BFB3D26-A968-48C8-9714-BDB2FBF6F023}"
EndProject
Project("{FAE04EC0-301F-11D3-BF4B-00C04F79EFBC}") = "SaveVault.Core.Tests", "tests\SaveVault.Core.Tests\SaveVault.Core.Tests.csproj", "{5799A291-933F-4C74-B58D-EF3A0F7686D1}"
EndProject
Global
	GlobalSection(SolutionConfigurationPlatforms) = preSolution
		Debug|Any CPU = Debug|Any CPU
		Debug|x64 = Debug|x64
		Debug|x86 = Debug|x86
		Release|Any CPU = Release|Any CPU
		Release|x64 = Release|x64
		Release|x86 = Release|x86
	EndGlobalSection
	GlobalSection(ProjectConfigurationPlatforms) = postSolution
		{AD6A80E3-23BC-45F0-A881-B3DB75B46EF2}.Debug|Any CPU.ActiveCfg = Debug|Any CPU
		{AD6A80E3-23BC-45F0-A881-B3DB75B46EF2}.Debug|Any CPU.Build.0 = Debug|Any CPU
		{AD6A80E3-23BC-45F0-A881-B3DB75B46EF2}.Debug|x64.ActiveCfg = Debug|Any CPU
		{AD6A80E3-23BC-45F0-A881-B3DB75B46EF2}.Debug|x64.Build.0 = Debug|Any CPU
		{AD6A80E3-23BC-45F0-A881-B3DB75B46EF2}.Debug|x86.ActiveCfg = Debug|Any CPU
		{AD6A80E3-23BC-45F0-A881-B3DB75B46EF2}.Debug|x86.Build.0 = Debug|Any CPU
		{AD6A80E3-23BC-45F0-A881-B3DB75B46EF2}.Release|Any CPU.ActiveCfg = Release|Any CPU
		{AD6A80E3-23BC-45F0-A881-B3DB75B46EF2}.Release|Any CPU.Build.0 = Release|Any CPU
		{AD6A80E3-23BC-45F0-A881-B3DB75B46EF2}.Release|x64.ActiveCfg = Release|Any CPU
		{AD6A80E3-23BC-45F0-A881-B3DB75B46EF2}.Release|x64.Build.0 = Release|Any CPU
		{AD6A80E3-23BC-45F0-A881-B3DB75B46EF2}.Release|x86.ActiveCfg = Release|Any CPU
		{AD6A80E3-23BC-45F0-A881-B3DB75B46EF2}.Release|x86.Build.0 = Release|Any CPU
		{D9500036-D8A3-463B-A139-5325AC29C574}.Debug|Any CPU.ActiveCfg = Debug|Any CPU
		{D9500036-D8A3-463B-A139-5325AC29C574}.Debug|Any CPU.Build.0 = Debug|Any CPU
		{D9500036-D8A3-463B-A139-5325AC29C574}.Debug|x64.ActiveCfg = Debug|Any CPU
		{D9500036-D8A3-463B-A139-5325AC29C574}.Debug|x64.Build.0 = Debug|Any CPU
		{D9500036-D8A3-463B-A139-5325AC29C574}.Debug|x86.ActiveCfg = Debug|Any CPU
		{D9500036-D8A3-463B-A139-5325AC29C574}.Debug|x86.Build.0 = Debug|Any CPU
		{D9500036-D8A3-463B-A139-5325AC29C574}.Release|Any CPU.ActiveCfg = Release|Any CPU
		{D9500036-D8A3-463B-A139-5325AC29C574}.Release|Any CPU.Build.0 = Release|Any CPU
		{D9500036-D8A3-463B-A139-5325AC29C574}.Release|x64.ActiveCfg = Release|Any CPU
		{D9500036-D8A3-463B-A139-5325AC29C574}.Release|x64.Build.0 = Release|Any CPU
		{D9500036-D8A3-463B-A139-5325AC29C574}.Release|x86.ActiveCfg = Release|Any CPU
		{D9500036-D8A3-463B-A139-5325AC29C574}.Release|x86.Build.0 = Release|Any CPU
		{5BFB3D26-A968-48C8-9714-BDB2FBF6F023}.Debug|Any CPU.ActiveCfg = Debug|Any CPU
		{5BFB3D26-A968-48C8-9714-BDB2FBF6F023}.Debug|Any CPU.Build.0 = Debug|Any CPU
		{5BFB3D26-A968-48C8-9714-BDB2FBF6F023}.Debug|x64.ActiveCfg = Debug|Any CPU
		{5BFB3D26-A968-48C8-9714-BDB2FBF6F023}.Debug|x64.Build.0 = Debug|Any CPU
		{5BFB3D26-A968-48C8-9714-BDB2FBF6F023}.Debug|x86.ActiveCfg = Debug|Any CPU
		{5BFB3D26-A968-48C8-9714-BDB2FBF6F023}.Debug|x86.Build.0 = Debug|Any CPU
		{5BFB3D26-A968-48C8-9714-BDB2FBF6F023}.Release|Any CPU.ActiveCfg = Release|Any CPU
		{5BFB3D26-A968-48C8-9714-BDB2FBF6F023}.Release|Any CPU.Build.0 = Release|Any CPU
		{5BFB3D26-A968-48C8-9714-BDB2FBF6F023}.Release|x64.ActiveCfg = Release|Any CPU
		{5BFB3D26-A968-48C8-9714-BDB2FBF6F023}.Release|x64.Build.0 = Release|Any CPU
		{5BFB3D26-A968-48C8-9714-BDB2FBF6F023}.Release|x86.ActiveCfg = Release|Any CPU
		{5BFB3D26-A968-48C8-9714-BDB2FBF6F023}.Release|x86.Build.0 = Release|Any CPU
		{5799A291-933F-4C74-B58D-EF3A0F7686D1}.Debug|Any CPU.ActiveCfg = Debug|Any CPU
		{5799A291-933F-4C74-B58D-EF3A0F7686D1}.Debug|Any CPU.Build.0 = Debug|Any CPU
		{5799A291-933F-4C74-B58D-EF3A0F7686D1}.Debug|x64.ActiveCfg = Debug|Any CPU
		{5799A291-933F-4C74-B58D-EF3A0F7686D1}.Debug|x64.Build.0 = Debug|Any CPU
		{5799A291-933F-4C74-B58D-EF3A0F7686D1}.Debug|x86.ActiveCfg = Debug|Any CPU
		{5799A291-933F-4C74-B58D-EF3A0F7686D1}.Debug|x86.Build.0 = Debug|Any CPU
		{5799A291-933F-4C74-B58D-EF3A0F7686D1}.Release|Any CPU.ActiveCfg = Release|Any CPU
		{5799A291-933F-4C74-B58D-EF3A0F7686D1}.Release|Any CPU.Build.0 = Release|Any CPU
		{5799A291-933F-4C74-B58D-EF3A0F7686D1}.Release|x64.ActiveCfg = Release|Any CPU
		{5799A291-933F-4C74-B58D-EF3A0F7686D1}.Release|x64.Build.0 = Release|Any CPU
		{5799A291-933F-4C74-B58D-EF3A0F7686D1}.Release|x86.ActiveCfg = Release|Any CPU
		{5799A291-933F-4C74-B58D-EF3A0F7686D1}.Release|x86.Build.0 = Release|Any CPU
	EndGlobalSection
	GlobalSection(SolutionProperties) = preSolution
		HideSolutionNode = FALSE
	EndGlobalSection
	GlobalSection(NestedProjects) = preSolution
		{AD6A80E3-23BC-45F0-A881-B3DB75B46EF2} = {827E0CD3-B72D-47B6-A68D-7590B98EB39B}
		{D9500036-D8A3-463B-A139-5325AC29C574} = {827E0CD3-B72D-47B6-A68D-7590B98EB39B}
		{5BFB3D26-A968-48C8-9714-BDB2FBF6F023} = {827E0CD3-B72D-47B6-A68D-7590B98EB39B}
		{5799A291-933F-4C74-B58D-EF3A0F7686D1} = {827E0CD3-B72D-47B6-A68D-7590B98EB39B}
	EndGlobalSection
EndGlobal
